
Microsoft Visual Studio Solution File, Format Version 12.00
# Visual Studio 14
VisualStudioVersion = 14.0.22310.1
MinimumVisualStudioVersion = 10.0.40219.1
Project("{FAE04EC0-301F-11D3-BF4B-00C04F79EFBC}") = "BerXpert.Sphere-knn", "sphere-knn\BerXpert.Sphere-knn.csproj", "{A47364C4-0519-4D0D-A0F3-8F7FFEC24A28}"
EndProject
Project("{FAE04EC0-301F-11D3-BF4B-00C04F79EFBC}") = "BerXpert.Sphere-knn.Tests", "sphere-knn.Tests\BerXpert.Sphere-knn.Tests.csproj", "{79E88D3C-665B-49FC-B155-1BFB790A8CA9}"
EndProject
Project("{FAE04EC0-301F-11D3-BF4B-00C04F79EFBC}") = "BerXpert.Sphere-knn.UnitTest", "UnitTestProject1\BerXpert.Sphere-knn.UnitTest.csproj", "{B02009E2-7FA7-4BB7-B066-4C332C199EE6}"
EndProject
Global
	GlobalSection(SolutionConfigurationPlatforms) = preSolution
		Debug|Any CPU = Debug|Any CPU
		Release|Any CPU = Release|Any CPU
	EndGlobalSection
	GlobalSection(ProjectConfigurationPlatforms) = postSolution
		{A47364C4-0519-4D0D-A0F3-8F7FFEC24A28}.Debug|Any CPU.ActiveCfg = Debug|Any CPU
		{A47364C4-0519-4D0D-A0F3-8F7FFEC24A28}.Debug|Any CPU.Build.0 = Debug|Any CPU
		{A47364C4-0519-4D0D-A0F3-8F7FFEC24A28}.Release|Any CPU.ActiveCfg = Release|Any CPU
		{A47364C4-0519-4D0D-A0F3-8F7FFEC24A28}.Release|Any CPU.Build.0 = Release|Any CPU
		{79E88D3C-665B-49FC-B155-1BFB790A8CA9}.Debug|Any CPU.ActiveCfg = Debug|Any CPU
		{79E88D3C-665B-49FC-B155-1BFB790A8CA9}.Debug|Any CPU.Build.0 = Debug|Any CPU
		{79E88D3C-665B-49FC-B155-1BFB790A8CA9}.Release|Any CPU.ActiveCfg = Release|Any CPU
		{79E88D3C-665B-49FC-B155-1BFB790A8CA9}.Release|Any CPU.Build.0 = Release|Any CPU
		{B02009E2-7FA7-4BB7-B066-4C332C199EE6}.Debug|Any CPU.ActiveCfg = Debug|Any CPU
		{B02009E2-7FA7-4BB7-B066-4C332C199EE6}.Debug|Any CPU.Build.0 = Debug|Any CPU
		{B02009E2-7FA7-4BB7-B066-4C332C199EE6}.Release|Any CPU.ActiveCfg = Release|Any CPU
		{B02009E2-7FA7-4BB7-B066-4C332C199EE6}.Release|Any CPU.Build.0 = Release|Any CPU
	EndGlobalSection
	GlobalSection(SolutionProperties) = preSolution
		HideSolutionNode = FALSE
	EndGlobalSection
EndGlobal
